
Microsoft Visual Studio Solution File, Format Version 12.00
# Visual Studio 15
VisualStudioVersion = 15.0.27130.2003
MinimumVisualStudioVersion = 10.0.40219.1
Project("{FAE04EC0-301F-11D3-BF4B-00C04F79EFBC}") = "apProjeto1", "apProjeto1\apProjeto1.csproj", "{E5E8E855-6FF3-4649-9117-778BDAEA6673}"
EndProject
Global
	GlobalSection(SolutionConfigurationPlatforms) = preSolution
		Debug|Any CPU = Debug|Any CPU
		Release|Any CPU = Release|Any CPU
	EndGlobalSection
	GlobalSection(ProjectConfigurationPlatforms) = postSolution
		{E5E8E855-6FF3-4649-9117-778BDAEA6673}.Debug|Any CPU.ActiveCfg = Debug|Any CPU
		{E5E8E855-6FF3-4649-9117-778BDAEA6673}.Debug|Any CPU.Build.0 = Debug|Any CPU
		{E5E8E855-6FF3-4649-9117-778BDAEA6673}.Release|Any CPU.ActiveCfg = Release|Any CPU
		{E5E8E855-6FF3-4649-9117-778BDAEA6673}.Release|Any CPU.Build.0 = Release|Any CPU
	EndGlobalSection
	GlobalSection(SolutionProperties) = preSolution
		HideSolutionNode = FALSE
	EndGlobalSection
	GlobalSection(ExtensibilityGlobals) = postSolution
		SolutionGuid = {361F81D4-7169-4CB7-BAAF-AAE9D04B68E8}
	EndGlobalSection
EndGlobal
